
Microsoft Visual Studio Solution File, Format Version 11.00
# Visual Studio 2010
Project("{FAE04EC0-301F-11D3-BF4B-00C04F79EFBC}") = "ArWatchConSample", "Assembly-CSharp.csproj", "{13EA49F3-E8F5-C5D9-8960-799B6BC07D3D}"
EndProject
Project("{FAE04EC0-301F-11D3-BF4B-00C04F79EFBC}") = "ArWatchConSample", "Assembly-CSharp-Editor.csproj", "{BC48D15B-A309-A3C5-9775-50806F8BAC71}"
EndProject
Global
	GlobalSection(SolutionConfigurationPlatforms) = preSolution
		Debug|Any CPU = Debug|Any CPU
		Release|Any CPU = Release|Any CPU
	EndGlobalSection
	GlobalSection(ProjectConfigurationPlatforms) = postSolution
		{13EA49F3-E8F5-C5D9-8960-799B6BC07D3D}.Debug|Any CPU.ActiveCfg = Debug|Any CPU
		{13EA49F3-E8F5-C5D9-8960-799B6BC07D3D}.Debug|Any CPU.Build.0 = Debug|Any CPU
		{13EA49F3-E8F5-C5D9-8960-799B6BC07D3D}.Release|Any CPU.ActiveCfg = Release|Any CPU
		{13EA49F3-E8F5-C5D9-8960-799B6BC07D3D}.Release|Any CPU.Build.0 = Release|Any CPU
		{BC48D15B-A309-A3C5-9775-50806F8BAC71}.Debug|Any CPU.ActiveCfg = Debug|Any CPU
		{BC48D15B-A309-A3C5-9775-50806F8BAC71}.Debug|Any CPU.Build.0 = Debug|Any CPU
		{BC48D15B-A309-A3C5-9775-50806F8BAC71}.Release|Any CPU.ActiveCfg = Release|Any CPU
		{BC48D15B-A309-A3C5-9775-50806F8BAC71}.Release|Any CPU.Build.0 = Release|Any CPU
	EndGlobalSection
	GlobalSection(SolutionProperties) = preSolution
		HideSolutionNode = FALSE
	EndGlobalSection
	GlobalSection(MonoDevelopProperties) = preSolution
		StartupItem = Assembly-CSharp.csproj
	EndGlobalSection
EndGlobal
